
Microsoft Visual Studio Solution File, Format Version 12.00
# Visual Studio 15
VisualStudioVersion = 15.0.27428.2037
MinimumVisualStudioVersion = 10.0.40219.1
Project("{FAE04EC0-301F-11D3-BF4B-00C04F79EFBC}") = "雄安LED屏数据传输API", "雄安LED屏数据传输API\雄安LED屏数据传输API.csproj", "{5711627C-9F31-472C-8A12-5AE0B3C01983}"
EndProject
Global
	GlobalSection(SolutionConfigurationPlatforms) = preSolution
		Debug|Any CPU = Debug|Any CPU
		Release|Any CPU = Release|Any CPU
	EndGlobalSection
	GlobalSection(ProjectConfigurationPlatforms) = postSolution
		{5711627C-9F31-472C-8A12-5AE0B3C01983}.Debug|Any CPU.ActiveCfg = Debug|Any CPU
		{5711627C-9F31-472C-8A12-5AE0B3C01983}.Debug|Any CPU.Build.0 = Debug|Any CPU
		{5711627C-9F31-472C-8A12-5AE0B3C01983}.Release|Any CPU.ActiveCfg = Release|Any CPU
		{5711627C-9F31-472C-8A12-5AE0B3C01983}.Release|Any CPU.Build.0 = Release|Any CPU
	EndGlobalSection
	GlobalSection(SolutionProperties) = preSolution
		HideSolutionNode = FALSE
	EndGlobalSection
	GlobalSection(ExtensibilityGlobals) = postSolution
		SolutionGuid = {E17D5EDF-BC60-4FFA-A006-CD54348A0931}
	EndGlobalSection
EndGlobal
